
Microsoft Visual Studio Solution File, Format Version 12.00
# Visual Studio 15
Project("{FAE04EC0-301F-11D3-BF4B-00C04F79EFBC}") = "FMODUnityEditor", "FMODUnityEditor.csproj", "{0AD945FC-932C-91A7-088D-D0B205F4BDC2}"
EndProject
Project("{FAE04EC0-301F-11D3-BF4B-00C04F79EFBC}") = "Assembly-CSharp", "Assembly-CSharp.csproj", "{53E3631D-CD47-DB62-D2BB-80D0BDD139A6}"
EndProject
Project("{FAE04EC0-301F-11D3-BF4B-00C04F79EFBC}") = "Unity.XR.Interaction.Toolkit.Samples.StarterAssets", "Unity.XR.Interaction.Toolkit.Samples.StarterAssets.csproj", "{B6F437BE-57B9-DAC3-6E30-1B7ACE3BF81A}"
EndProject
Project("{FAE04EC0-301F-11D3-BF4B-00C04F79EFBC}") = "FMODUnityResonanceEditor", "FMODUnityResonanceEditor.csproj", "{DC91E943-C551-4158-2EB8-673D923332E6}"
EndProject
Project("{FAE04EC0-301F-11D3-BF4B-00C04F79EFBC}") = "FMODUnity", "FMODUnity.csproj", "{C8C7C31B-3ABD-A8FD-C426-8BBAD691E9E7}"
EndProject
Project("{FAE04EC0-301F-11D3-BF4B-00C04F79EFBC}") = "FMODUnityResonance", "FMODUnityResonance.csproj", "{685C010D-10AA-71DE-0AA4-C006E906105F}"
EndProject
Project("{FAE04EC0-301F-11D3-BF4B-00C04F79EFBC}") = "Unity.XR.Interaction.Toolkit.Samples.DeviceSimulator", "Unity.XR.Interaction.Toolkit.Samples.DeviceSimulator.csproj", "{0F6ED868-3FA5-1B24-1F29-E01C121A905B}"
EndProject
Project("{FAE04EC0-301F-11D3-BF4B-00C04F79EFBC}") = "Unity.XR.Interaction.Toolkit.Samples.StarterAssets.Editor", "Unity.XR.Interaction.Toolkit.Samples.StarterAssets.Editor.csproj", "{4F6B1A92-3B5E-7B69-FE06-F095E5365E28}"
EndProject
Global
	GlobalSection(SolutionConfigurationPlatforms) = preSolution
		Debug|Any CPU = Debug|Any CPU
		Release|Any CPU = Release|Any CPU
	EndGlobalSection
	GlobalSection(ProjectConfigurationPlatforms) = postSolution
		{0AD945FC-932C-91A7-088D-D0B205F4BDC2}.Debug|Any CPU.ActiveCfg = Debug|Any CPU
		{0AD945FC-932C-91A7-088D-D0B205F4BDC2}.Debug|Any CPU.Build.0 = Debug|Any CPU
		{0AD945FC-932C-91A7-088D-D0B205F4BDC2}.Release|Any CPU.ActiveCfg = Release|Any CPU
		{0AD945FC-932C-91A7-088D-D0B205F4BDC2}.Release|Any CPU.Build.0 = Release|Any CPU
		{53E3631D-CD47-DB62-D2BB-80D0BDD139A6}.Debug|Any CPU.ActiveCfg = Debug|Any CPU
		{53E3631D-CD47-DB62-D2BB-80D0BDD139A6}.Debug|Any CPU.Build.0 = Debug|Any CPU
		{53E3631D-CD47-DB62-D2BB-80D0BDD139A6}.Release|Any CPU.ActiveCfg = Release|Any CPU
		{53E3631D-CD47-DB62-D2BB-80D0BDD139A6}.Release|Any CPU.Build.0 = Release|Any CPU
		{B6F437BE-57B9-DAC3-6E30-1B7ACE3BF81A}.Debug|Any CPU.ActiveCfg = Debug|Any CPU
		{B6F437BE-57B9-DAC3-6E30-1B7ACE3BF81A}.Debug|Any CPU.Build.0 = Debug|Any CPU
		{B6F437BE-57B9-DAC3-6E30-1B7ACE3BF81A}.Release|Any CPU.ActiveCfg = Release|Any CPU
		{B6F437BE-57B9-DAC3-6E30-1B7ACE3BF81A}.Release|Any CPU.Build.0 = Release|Any CPU
		{DC91E943-C551-4158-2EB8-673D923332E6}.Debug|Any CPU.ActiveCfg = Debug|Any CPU
		{DC91E943-C551-4158-2EB8-673D923332E6}.Debug|Any CPU.Build.0 = Debug|Any CPU
		{DC91E943-C551-4158-2EB8-673D923332E6}.Release|Any CPU.ActiveCfg = Release|Any CPU
		{DC91E943-C551-4158-2EB8-673D923332E6}.Release|Any CPU.Build.0 = Release|Any CPU
		{C8C7C31B-3ABD-A8FD-C426-8BBAD691E9E7}.Debug|Any CPU.ActiveCfg = Debug|Any CPU
		{C8C7C31B-3ABD-A8FD-C426-8BBAD691E9E7}.Debug|Any CPU.Build.0 = Debug|Any CPU
		{C8C7C31B-3ABD-A8FD-C426-8BBAD691E9E7}.Release|Any CPU.ActiveCfg = Release|Any CPU
		{C8C7C31B-3ABD-A8FD-C426-8BBAD691E9E7}.Release|Any CPU.Build.0 = Release|Any CPU
		{685C010D-10AA-71DE-0AA4-C006E906105F}.Debug|Any CPU.ActiveCfg = Debug|Any CPU
		{685C010D-10AA-71DE-0AA4-C006E906105F}.Debug|Any CPU.Build.0 = Debug|Any CPU
		{685C010D-10AA-71DE-0AA4-C006E906105F}.Release|Any CPU.ActiveCfg = Release|Any CPU
		{685C010D-10AA-71DE-0AA4-C006E906105F}.Release|Any CPU.Build.0 = Release|Any CPU
		{0F6ED868-3FA5-1B24-1F29-E01C121A905B}.Debug|Any CPU.ActiveCfg = Debug|Any CPU
		{0F6ED868-3FA5-1B24-1F29-E01C121A905B}.Debug|Any CPU.Build.0 = Debug|Any CPU
		{0F6ED868-3FA5-1B24-1F29-E01C121A905B}.Release|Any CPU.ActiveCfg = Release|Any CPU
		{0F6ED868-3FA5-1B24-1F29-E01C121A905B}.Release|Any CPU.Build.0 = Release|Any CPU
		{4F6B1A92-3B5E-7B69-FE06-F095E5365E28}.Debug|Any CPU.ActiveCfg = Debug|Any CPU
		{4F6B1A92-3B5E-7B69-FE06-F095E5365E28}.Debug|Any CPU.Build.0 = Debug|Any CPU
		{4F6B1A92-3B5E-7B69-FE06-F095E5365E28}.Release|Any CPU.ActiveCfg = Release|Any CPU
		{4F6B1A92-3B5E-7B69-FE06-F095E5365E28}.Release|Any CPU.Build.0 = Release|Any CPU
	EndGlobalSection
	GlobalSection(SolutionProperties) = preSolution
		HideSolutionNode = FALSE
	EndGlobalSection
EndGlobal
